
Microsoft Visual Studio Solution File, Format Version 12.00
# Visual Studio Version 17
VisualStudioVersion = 17.0.32014.148
MinimumVisualStudioVersion = 10.0.40219.1
Project("{FAE04EC0-301F-11D3-BF4B-00C04F79EFBC}") = "KageForwarder", "KageForwarder\KageForwarder.csproj", "{2DB5AC33-8997-4ACB-8947-A82B8E7FAB94}"
EndProject
Global
	GlobalSection(SolutionConfigurationPlatforms) = preSolution
		Debug|Any CPU = Debug|Any CPU
		Release|Any CPU = Release|Any CPU
	EndGlobalSection
	GlobalSection(ProjectConfigurationPlatforms) = postSolution
		{2DB5AC33-8997-4ACB-8947-A82B8E7FAB94}.Debug|Any CPU.ActiveCfg = Debug|Any CPU
		{2DB5AC33-8997-4ACB-8947-A82B8E7FAB94}.Debug|Any CPU.Build.0 = Debug|Any CPU
		{2DB5AC33-8997-4ACB-8947-A82B8E7FAB94}.Release|Any CPU.ActiveCfg = Release|Any CPU
		{2DB5AC33-8997-4ACB-8947-A82B8E7FAB94}.Release|Any CPU.Build.0 = Release|Any CPU
	EndGlobalSection
	GlobalSection(SolutionProperties) = preSolution
		HideSolutionNode = FALSE
	EndGlobalSection
	GlobalSection(ExtensibilityGlobals) = postSolution
		SolutionGuid = {8959426E-955B-447A-9A47-B45A551F82E9}
	EndGlobalSection
EndGlobal
